
Microsoft Visual Studio Solution File, Format Version 12.00
# Visual Studio Version 16
VisualStudioVersion = 16.0.30804.86
MinimumVisualStudioVersion = 10.0.40219.1
Project("{2150E333-8FDC-42A3-9474-1A3956D46DE8}") = "01 - Presentation", "01 - Presentation", "{63E814B5-26D0-41BF-A117-FFE03FDC9F49}"
EndProject
Project("{2150E333-8FDC-42A3-9474-1A3956D46DE8}") = "02 - Services", "02 - Services", "{C4872A4D-D2F3-4D41-A88B-41B1BAA66B9C}"
EndProject
Project("{2150E333-8FDC-42A3-9474-1A3956D46DE8}") = "03 - Application", "03 - Application", "{E4DA0E31-27D8-443B-A257-3C6D67AD0184}"
EndProject
Project("{2150E333-8FDC-42A3-9474-1A3956D46DE8}") = "04 - Domain", "04 - Domain", "{67ECF81F-6133-4C0D-A473-7F0BA6950F29}"
EndProject
Project("{2150E333-8FDC-42A3-9474-1A3956D46DE8}") = "05 - Infra", "05 - Infra", "{785E5A7C-CECF-4B06-9AF3-5CADDC68A49E}"
EndProject
Project("{9A19103F-16F7-4668-BE54-9A1E7A4F7556}") = "Restaurant.Services.Api", "src\Restaurant.Services.Api\Restaurant.Services.Api.csproj", "{20D45845-02F6-4EEA-A80A-C231261BA25B}"
EndProject
Project("{9A19103F-16F7-4668-BE54-9A1E7A4F7556}") = "Restaurant.Application", "src\Restaurant.Application\Restaurant.Application.csproj", "{D15DDFA0-9179-4A0A-9415-DB9ACCE9597C}"
EndProject
Project("{9A19103F-16F7-4668-BE54-9A1E7A4F7556}") = "Restaurant.Domain", "src\Restaurant.Domain\Restaurant.Domain.csproj", "{1455BB52-51CA-400D-AA78-DE7CACF45D0A}"
EndProject
Project("{9A19103F-16F7-4668-BE54-9A1E7A4F7556}") = "Restaurant.Infra.Data", "src\Restaurant.Infra.Data\Restaurant.Infra.Data.csproj", "{513DB1D8-6803-413B-BB31-3A436A1FC44B}"
EndProject
Project("{9A19103F-16F7-4668-BE54-9A1E7A4F7556}") = "Restaurant.Infra.IoC", "src\Restaurant.Infra.IoC\Restaurant.Infra.IoC.csproj", "{EADAC6F6-BE87-43B3-BF52-54704CBC07DA}"
EndProject
Global
	GlobalSection(SolutionConfigurationPlatforms) = preSolution
		Debug|Any CPU = Debug|Any CPU
		Release|Any CPU = Release|Any CPU
	EndGlobalSection
	GlobalSection(ProjectConfigurationPlatforms) = postSolution
		{20D45845-02F6-4EEA-A80A-C231261BA25B}.Debug|Any CPU.ActiveCfg = Debug|Any CPU
		{20D45845-02F6-4EEA-A80A-C231261BA25B}.Debug|Any CPU.Build.0 = Debug|Any CPU
		{20D45845-02F6-4EEA-A80A-C231261BA25B}.Release|Any CPU.ActiveCfg = Release|Any CPU
		{20D45845-02F6-4EEA-A80A-C231261BA25B}.Release|Any CPU.Build.0 = Release|Any CPU
		{D15DDFA0-9179-4A0A-9415-DB9ACCE9597C}.Debug|Any CPU.ActiveCfg = Debug|Any CPU
		{D15DDFA0-9179-4A0A-9415-DB9ACCE9597C}.Debug|Any CPU.Build.0 = Debug|Any CPU
		{D15DDFA0-9179-4A0A-9415-DB9ACCE9597C}.Release|Any CPU.ActiveCfg = Release|Any CPU
		{D15DDFA0-9179-4A0A-9415-DB9ACCE9597C}.Release|Any CPU.Build.0 = Release|Any CPU
		{1455BB52-51CA-400D-AA78-DE7CACF45D0A}.Debug|Any CPU.ActiveCfg = Debug|Any CPU
		{1455BB52-51CA-400D-AA78-DE7CACF45D0A}.Debug|Any CPU.Build.0 = Debug|Any CPU
		{1455BB52-51CA-400D-AA78-DE7CACF45D0A}.Release|Any CPU.ActiveCfg = Release|Any CPU
		{1455BB52-51CA-400D-AA78-DE7CACF45D0A}.Release|Any CPU.Build.0 = Release|Any CPU
		{513DB1D8-6803-413B-BB31-3A436A1FC44B}.Debug|Any CPU.ActiveCfg = Debug|Any CPU
		{513DB1D8-6803-413B-BB31-3A436A1FC44B}.Debug|Any CPU.Build.0 = Debug|Any CPU
		{513DB1D8-6803-413B-BB31-3A436A1FC44B}.Release|Any CPU.ActiveCfg = Release|Any CPU
		{513DB1D8-6803-413B-BB31-3A436A1FC44B}.Release|Any CPU.Build.0 = Release|Any CPU
		{EADAC6F6-BE87-43B3-BF52-54704CBC07DA}.Debug|Any CPU.ActiveCfg = Debug|Any CPU
		{EADAC6F6-BE87-43B3-BF52-54704CBC07DA}.Debug|Any CPU.Build.0 = Debug|Any CPU
		{EADAC6F6-BE87-43B3-BF52-54704CBC07DA}.Release|Any CPU.ActiveCfg = Release|Any CPU
		{EADAC6F6-BE87-43B3-BF52-54704CBC07DA}.Release|Any CPU.Build.0 = Release|Any CPU
	EndGlobalSection
	GlobalSection(SolutionProperties) = preSolution
		HideSolutionNode = FALSE
	EndGlobalSection
	GlobalSection(NestedProjects) = preSolution
		{20D45845-02F6-4EEA-A80A-C231261BA25B} = {C4872A4D-D2F3-4D41-A88B-41B1BAA66B9C}
		{D15DDFA0-9179-4A0A-9415-DB9ACCE9597C} = {E4DA0E31-27D8-443B-A257-3C6D67AD0184}
		{1455BB52-51CA-400D-AA78-DE7CACF45D0A} = {67ECF81F-6133-4C0D-A473-7F0BA6950F29}
		{513DB1D8-6803-413B-BB31-3A436A1FC44B} = {785E5A7C-CECF-4B06-9AF3-5CADDC68A49E}
		{EADAC6F6-BE87-43B3-BF52-54704CBC07DA} = {785E5A7C-CECF-4B06-9AF3-5CADDC68A49E}
	EndGlobalSection
	GlobalSection(ExtensibilityGlobals) = postSolution
		SolutionGuid = {246390A7-7D34-4339-BC4B-6E730BCD2F97}
	EndGlobalSection
EndGlobal
